{
  "version": 1,
  "dependencies": {
    "net10.0": {
      "Avalonia.Headless": {
        "type": "Direct",
        "requested": "[12.1.0, )",
        "resolved": "12.1.0",
        "contentHash": "wyRPmeYuQrdcgZg5hgbxXbU8+zSvIDH9J2Dk4QmxStHcqrEKhhyGqVvDzAKo99SmTNFUbTBlO7Ql5HMMxqRyeA==",
        "dependencies": {
          "Avalonia": "12.1.0",
          "Avalonia.Fonts.Inter": "12.1.0",
          "Avalonia.HarfBuzz": "12.1.0"
        }
      },
      "Avalonia.Skia": {
        "type": "Direct",
        "requested": "[12.1.0, )",
        "resolved": "12.1.0",
        "contentHash": "K63pwExQkcjVbsYJOiOq0hYAO4G5d7T42yK8MGNrvwBKv/bJVlV14jGvV4wXcsuYAU8IWlOHgqq5sMUiDfj4vw==",
        "dependencies": {
          "Avalonia": "12.1.0",
          "HarfBuzzSharp": "8.3.1.3",
          "HarfBuzzSharp.NativeAssets.Linux": "8.3.1.3",
          "HarfBuzzSharp.NativeAssets.WebAssembly": "8.3.1.3",
          "SkiaSharp": "3.119.4",
          "SkiaSharp.NativeAssets.Linux": "3.119.4",
          "SkiaSharp.NativeAssets.WebAssembly": "3.119.4"
        }
      },
      "jcamp.Avalonia.Headless.TUnit": {
        "type": "Direct",
        "requested": "[0.1.1, )",
        "resolved": "0.1.1",
        "contentHash": "KOOxtyjvVnedmVOJS23xGs4QItLUFbzLhojgBTNmLXzvhZH1xA8m3rRosgYICC8NkID81zJHexErldILRHBPEw==",
        "dependencies": {
          "Avalonia.Headless": "12.0.3",
          "TUnit": "[1.44.0, 2.0.0)"
        }
      },
      "Microsoft.Extensions.StaticAnalysis": {
        "type": "Direct",
        "requested": "[10.8.0, )",
        "resolved": "10.8.0",
        "contentHash": "sw4EtjMMdss1ncQDoURorjpvfSyk0tBEHa+SqP+ZwnnmRskpfAE5v+NSlK1vXgIp279LMyuO8B8QoiVWHBJf2A==",
        "dependencies": {
          "Microsoft.VisualStudio.Threading.Analyzers": "17.14.15",
          "SonarAnalyzer.CSharp": "10.16.0.128591"
        }
      },
      "TUnit": {
        "type": "Direct",
        "requested": "[1.61.15, )",
        "resolved": "1.61.15",
        "contentHash": "IFwHucidVQML69dvjiv5qBn+ZyLWWmwHvnBkHUCSUXOeg0BUEJk3bFHdkynfbZe3i3vdueWe3lh78yCs2LeVww==",
        "dependencies": {
          "Microsoft.Testing.Extensions.CodeCoverage": "18.9.0",
          "Microsoft.Testing.Extensions.Telemetry": "2.3.2",
          "Microsoft.Testing.Extensions.TrxReport": "2.3.2",
          "TUnit.Assertions": "1.61.15",
          "TUnit.Engine": "1.61.15"
        }
      },
      "AngleSharp": {
        "type": "Transitive",
        "resolved": "1.5.2",
        "contentHash": "LVZ7rrr6GHbhERhTgVDarVygl1e6KwE96pronA90LBOMacDhxR4lB+xYLjn/vlnUu+xbOB2RM9fuCPEx5bdyWA=="
      },
      "Avalonia": {
        "type": "Transitive",
        "resolved": "12.1.0",
        "contentHash": "an4ugAy2q6GTdaFl635V8W/LKrWNL+mnSFUprbgyf8m1Zzf9WgoGaF5ajGv5i4gXefMZrzsUPV1QU+kKrgwCWg==",
        "dependencies": {
          "Avalonia.BuildServices": "11.3.2",
          "Avalonia.Remote.Protocol": "12.1.0",
          "MicroCom.Runtime": "0.11.6"
        }
      },
      "Avalonia.Angle.Windows.Natives": {
        "type": "Transitive",
        "resolved": "2.1.27548.20260419",
        "contentHash": "l17nI3XVDN3oMnpjf2pnmJg0YTwK4m6NLsn/itAjDMdObTFxN77D5F1M9sRMSfViSY3KKcse1ROczwgoWLJsnA=="
      },
      "Avalonia.AvaloniaEdit": {
        "type": "Transitive",
        "resolved": "12.0.0",
        "contentHash": "VNfaYdTbiQ2DlSkSMoLg4DhTbQmQR0cFT6nqEqLkaYGLjBWmUdv5BNIuoObK4c9cgzFqnEJXBaOp4R/bxgFKfQ==",
        "dependencies": {
          "Avalonia": "12.0.0"
        }
      },
      "Avalonia.BuildServices": {
        "type": "Transitive",
        "resolved": "11.3.2",
        "contentHash": "qHDToxto1e3hci5YqbG9n0Ty8mlp3zBUN5wT66wKqaDVzXyQ0do3EnRILd4Ke9jpvsktaPpgE0YjEk7hornryQ=="
      },
      "Avalonia.Desktop": {
        "type": "Transitive",
        "resolved": "12.1.0",
        "contentHash": "mxhz50At61IBQbB/bCo5JGp53rPi3GerGO9mFo/v93uBHa4J3cz3NSSqnVWSyQXKbPCwQhrogfEFWbKBgecy1w==",
        "dependencies": {
          "Avalonia": "12.1.0",
          "Avalonia.HarfBuzz": "12.1.0",
          "Avalonia.Native": "12.1.0",
          "Avalonia.Skia": "12.1.0",
          "Avalonia.Win32": "12.1.0",
          "Avalonia.X11": "12.1.0"
        }
      },
      "Avalonia.Fonts.Inter": {
        "type": "Transitive",
        "resolved": "12.1.0",
        "contentHash": "2mK5Rv6aMWgXfQ2JZOq1Wo2bTNAfiidg2GO4b3MgLRN89ezfvfsSfp4P5Pl4ssRcWWwdV0jGzIw8n0xc9B26VA==",
        "dependencies": {
          "Avalonia": "12.1.0"
        }
      },
      "Avalonia.FreeDesktop": {
        "type": "Transitive",
        "resolved": "12.1.0",
        "contentHash": "89mrS7dSYtisJrjQufCOomHeAynlVVKZ+dq4leKtzHXXKVoWsE0Nb2ymiNYPMlirwzwpemflGj+K34opwyLeJQ==",
        "dependencies": {
          "Avalonia": "12.1.0",
          "Tmds.DBus.Protocol": "0.94.1"
        }
      },
      "Avalonia.FreeDesktop.AtSpi": {
        "type": "Transitive",
        "resolved": "12.1.0",
        "contentHash": "WWahMjzKtDl2PGHa8mS6NHIVMT+JNKVIeT5xMLp9SBTMvjHNpEbXTX3PNbbIQ7hRMSETAJ/PAnvgOzatGktEKQ==",
        "dependencies": {
          "Avalonia": "12.1.0"
        }
      },
      "Avalonia.HarfBuzz": {
        "type": "Transitive",
        "resolved": "12.1.0",
        "contentHash": "uWPa/kg+fmqhrUR5GzFC2ZL2MPszxcEy14hTSwu3VhjwTnaVarUozoPmggQjZG4A4s6w2bcGepsYYaCM/eOoMA==",
        "dependencies": {
          "Avalonia": "12.1.0",
          "HarfBuzzSharp": "8.3.1.3",
          "HarfBuzzSharp.NativeAssets.Linux": "8.3.1.3",
          "HarfBuzzSharp.NativeAssets.WebAssembly": "8.3.1.3"
        }
      },
      "Avalonia.Native": {
        "type": "Transitive",
        "resolved": "12.1.0",
        "contentHash": "mfNMtGP7rEVWSZoii0l40mlNhgNR6ZISTvHP7OAMn5YQHiK66EjfN26SL/kLnz1buy2VtMIiGVBbIttL8FYCZg==",
        "dependencies": {
          "Avalonia": "12.1.0"
        }
      },
      "Avalonia.Remote.Protocol": {
        "type": "Transitive",
        "resolved": "12.1.0",
        "contentHash": "p6OKt6O7vOub4TS2pAjaeW0Y13oxrPs4uixeVZpJByiSQKKk+LyApN5yRy2JerpfTMtI86Y5pNwugyKTHZJnAw=="
      },
      "Avalonia.Themes.Fluent": {
        "type": "Transitive",
        "resolved": "12.1.0",
        "contentHash": "MVi5L9HymnNm+gP2aNXNcyrP2iKGJWFubQ5Bv8/Przflxca1aIT9QBpTUV6c3olA9rLYFY7MJRR/C/BZaUhemQ==",
        "dependencies": {
          "Avalonia": "12.1.0"
        }
      },
      "Avalonia.Win32": {
        "type": "Transitive",
        "resolved": "12.1.0",
        "contentHash": "D0xxPtFeOK8cKK991ul92rlFtDO3II0E44dHM0ix4/8LVc9+1LaMdbf1eMnp1RclFwX2bt7HPhbySnrG5uArxA==",
        "dependencies": {
          "Avalonia": "12.1.0",
          "Avalonia.Angle.Windows.Natives": "2.1.27548.20260419"
        }
      },
      "Avalonia.X11": {
        "type": "Transitive",
        "resolved": "12.1.0",
        "contentHash": "6+YHVGf44ictmGj88diMCw9pC9tiwnMlUgosDi0VDmyUQFuy/mJIa4J0rZu6G+UMbjGuyLDQLmtvU4tTOhLMPg==",
        "dependencies": {
          "Avalonia": "12.1.0",
          "Avalonia.FreeDesktop": "12.1.0",
          "Avalonia.FreeDesktop.AtSpi": "12.1.0",
          "Avalonia.Skia": "12.1.0"
        }
      },
      "AvaloniaEdit.TextMate": {
        "type": "Transitive",
        "resolved": "12.0.0",
        "contentHash": "FArIpBB2zcraoYqQIPNkevviNtuzKrA5tEVAAE03PboZMy2recf4TJEXk1BfCw7Oo4fBBh7srUqOdK5RNSUNrg==",
        "dependencies": {
          "Avalonia": "12.0.0",
          "Avalonia.AvaloniaEdit": "12.0.0",
          "TextMateSharp": "2.0.3",
          "TextMateSharp.Grammars": "2.0.3"
        }
      },
      "ColorDocument.Avalonia": {
        "type": "Transitive",
        "resolved": "12.0.0-a3",
        "contentHash": "2MwW34IORon/fsqIJ99CDKMQ4Ht4xgbAQP93GGKAtXbTWevzmxbtr83IJ7tfRFmkxN3KCcYNhsKJ3JY+oD8KHA==",
        "dependencies": {
          "Avalonia": "12.0.0",
          "ColorTextBlock.Avalonia": "12.0.0-a3"
        }
      },
      "ColorTextBlock.Avalonia": {
        "type": "Transitive",
        "resolved": "12.0.0-a3",
        "contentHash": "atiMWViOXGG4bYBYxR+azVAM5XA53/exUpa3GHBL0Ktu+swS8I2ljmg6uLAqSINyq3KXrDpr2qL8hj0D+5bfPA==",
        "dependencies": {
          "Avalonia": "12.0.0"
        }
      },
      "CommunityToolkit.Mvvm": {
        "type": "Transitive",
        "resolved": "8.4.2",
        "contentHash": "WadCzGEc2U+3e20avRLng4qNtt4zoOGWrdUISqJWrHe3/FSnrYjuM5Sb4yQb09LhkBXrrI4Zt3dLKgRMbItsrg=="
      },
      "EnumerableAsyncProcessor": {
        "type": "Transitive",
        "resolved": "3.8.4",
        "contentHash": "KlbpupRCz3Kf+P7gsiDvFXJ980i/9lfihMZFmmxIk0Gf6mopEjy74OTJZmdaKDQpE29eQDBnMZB5khyW3eugrg=="
      },
      "ExCSS": {
        "type": "Transitive",
        "resolved": "4.3.1",
        "contentHash": "A8UtcghHQlWxPJhJF5bsfEYO7068JHGTuJ7tzyyMjd5fE/N/xY1cVOUhzuLLFwMOCJVnM4mqSQc93W9fGfZ1kA=="
      },
      "HarfBuzzSharp": {
        "type": "Transitive",
        "resolved": "8.3.1.3",
        "contentHash": "NGZ2+ZVNPM+NdHB/asW0/ykWngyHWwcqjrbN2nDeH1B/aptPGlCUl8wkQ2cSJxw5fdWgdmIPmNuTPWpLwNVXWg==",
        "dependencies": {
          "HarfBuzzSharp.NativeAssets.Win32": "8.3.1.3",
          "HarfBuzzSharp.NativeAssets.macOS": "8.3.1.3"
        }
      },
      "HarfBuzzSharp.NativeAssets.Linux": {
        "type": "Transitive",
        "resolved": "8.3.1.3",
        "contentHash": "RI6A1LgmooU30+4QIyFt5rmBCzP0VzTR+587IJSGvYIsHHWlahFufihYxtraLfsIhW7I8dn6+xX+DZGygOPKWQ=="
      },
      "HarfBuzzSharp.NativeAssets.macOS": {
        "type": "Transitive",
        "resolved": "8.3.1.3",
        "contentHash": "KPTq0xnslkI6nAo0jh3ptcQPJvZZr7MWYXa2jUe4SnHc9q+JlHElmNXp0sfFoiTgoCX7WOYpYsurypuH9Gehxw=="
      },
      "HarfBuzzSharp.NativeAssets.WebAssembly": {
        "type": "Transitive",
        "resolved": "8.3.1.3",
        "contentHash": "w2QfdNm9Uz/sUa0B5D+OnVQhyq3G/fBq6ibQMdWBlQqqwh0g0/5j3RFvYqZAmRZ5+RzvjVe8o8SFFnWYUSkuxA=="
      },
      "HarfBuzzSharp.NativeAssets.Win32": {
        "type": "Transitive",
        "resolved": "8.3.1.3",
        "contentHash": "bx8CE8Js+XGX8PUxAHCBDEORt5aaBYtMN4Hr9QFs57Xithh6yjUyYqksizH6eRDhJkwsGI+SXWmPmMm8lZC9Pw=="
      },
      "HtmlAgilityPack": {
        "type": "Transitive",
        "resolved": "1.11.42",
        "contentHash": "LDc1bEfF14EY2DZzak4xvzWvbpNXK3vi1u0KQbBpLUN4+cx/VrvXhgCAMSJhSU5vz0oMfW9JZIR20vj/PkDHPA=="
      },
      "Kiln.Abstractions": {
        "type": "Transitive",
        "resolved": "1.2.0-beta.2",
        "contentHash": "hGtbxHyF9DOW3Q1pGQdQdWutd394HhcmENSquGPgvP4TGYYqJfQnrXYrqmk1nVEwvw4o0QxRlwTtQWc+9ekZ+w=="
      },
      "Kiln.Core": {
        "type": "Transitive",
        "resolved": "1.2.0-beta.2",
        "contentHash": "bRE7CA7V3o+U1yogqcNuG0LJyiMOvAvDbJPK7PpJYIAMRlRagqaTHLN81EWIBE5RosZDNmGaL0Ib0PDIhXuwZA==",
        "dependencies": {
          "AngleSharp": "1.5.2",
          "Kiln.Abstractions": "1.2.0-beta.2",
          "Markdig": "1.3.2",
          "Microsoft.Extensions.DependencyInjection": "10.0.9",
          "Microsoft.Extensions.FileSystemGlobbing": "10.0.9",
          "Microsoft.OpenApi.Readers": "1.6.29",
          "NUglify": "1.21.18",
          "Scriban": "7.2.5",
          "SkiaSharp": "4.150.0",
          "SkiaSharp.NativeAssets.Linux.NoDependencies": "4.150.0",
          "YamlDotNet": "18.1.0"
        }
      },
      "Markdig": {
        "type": "Transitive",
        "resolved": "1.3.2",
        "contentHash": "fZgOC/3CswUrndjDTac70aQpYdtxbW5+5bRumR7vzvI2HJbkmgKisB1c9oT+GA6v0jB/JDR9BLa9FiPzQmaK6A=="
      },
      "Markdown.Avalonia": {
        "type": "Transitive",
        "resolved": "12.0.0-a3",
        "contentHash": "WxJ09NVwZhVGyOwxIjoCngAPxK3D03qp6Q0s22tJsuFBqeA/J5P/nMtq2u6qCSYrQapjvWhre44IZ20euMJ0lA==",
        "dependencies": {
          "Markdown.Avalonia.Html": "12.0.0-a3",
          "Markdown.Avalonia.Svg": "12.0.0-a3",
          "Markdown.Avalonia.SyntaxHigh": "12.0.0-a3",
          "Markdown.Avalonia.Tight": "12.0.0-a3"
        }
      },
      "Markdown.Avalonia.Html": {
        "type": "Transitive",
        "resolved": "12.0.0-a3",
        "contentHash": "700s950UN1yYCGsbetUOexkUo0iO18r+bWfz5A4l5rZzDfXTwju6YJ3xtXUAmrCpN7ZFP1v34XJCNB4VedhGFw==",
        "dependencies": {
          "Avalonia": "12.0.0",
          "ColorTextBlock.Avalonia": "12.0.0-a3",
          "HtmlAgilityPack": "1.11.42",
          "Markdown.Avalonia.SyntaxHigh": "12.0.0-a3",
          "Markdown.Avalonia.Tight": "12.0.0-a3"
        }
      },
      "Markdown.Avalonia.Svg": {
        "type": "Transitive",
        "resolved": "12.0.0-a3",
        "contentHash": "fwq6jheiRJvgv2ekJqV5DrAKR13qA0dEnTTpt+EdmS0PhsAtNpm6STphUCm8SMK7dcUjY/bZplwE3BGL7/ftgQ==",
        "dependencies": {
          "Avalonia": "12.0.0",
          "Markdown.Avalonia.Tight": "12.0.0-a3",
          "Svg.Controls.Avalonia": "12.0.0.1"
        }
      },
      "Markdown.Avalonia.SyntaxHigh": {
        "type": "Transitive",
        "resolved": "12.0.0-a3",
        "contentHash": "e68Rdih2WA2GVrS6pJsPUBc70dUb22HZx2QjmOFRQlihXiae+5a5nlIXrb2kbHrPgsiiKyXLqyUZKUST2P8bEQ==",
        "dependencies": {
          "Avalonia": "12.0.0",
          "Avalonia.AvaloniaEdit": "12.0.0"
        }
      },
      "Markdown.Avalonia.Tight": {
        "type": "Transitive",
        "resolved": "12.0.0-a3",
        "contentHash": "ogAS4ZYcMnMgNDPvBAxRQxziL0iCdZHzBurYjqYTkTArVTzVZJ0exzBjStJ2yvfodO2bnTndwrO3Y5IAneRyXw==",
        "dependencies": {
          "Avalonia": "12.0.0",
          "ColorDocument.Avalonia": "12.0.0-a3",
          "ColorTextBlock.Avalonia": "12.0.0-a3"
        }
      },
      "Material.Icons": {
        "type": "Transitive",
        "resolved": "3.0.2",
        "contentHash": "vzeJjXu0PWJSZDCG0lL8+xx4Zf3i+iKOmu4GjGXtgAex22JPKDOaYPUU77Fd21LEsKrkrAQ1cZ61mrHPX1Elsg=="
      },
      "Material.Icons.Avalonia": {
        "type": "Transitive",
        "resolved": "3.0.2",
        "contentHash": "zXUS04QfxgSv0oMbsIf+6fZqcQbyh3L920Ucif8UHLaaFRK9E5R80ixUPnBpFRwGNe4sTDNhUS2Ti1T1wT3g5A==",
        "dependencies": {
          "Avalonia": "12.0.0",
          "Material.Icons": "3.0.2"
        }
      },
      "MicroCom.Runtime": {
        "type": "Transitive",
        "resolved": "0.11.6",
        "contentHash": "NdNWGDiZ6eS/Mf/9+QHR91cj1K7Hy+PX9yrHI/zM7xFYuj9IWT2uxtB6sCHjrnxAeLV9fut1R6zHDUGKX6f9lQ=="
      },
      "Microsoft.ApplicationInsights": {
        "type": "Transitive",
        "resolved": "2.23.0",
        "contentHash": "nWArUZTdU7iqZLycLKWe0TDms48KKGE6pONH2terYNa8REXiqixrMOkf1sk5DHGMaUTqONU2YkS4SAXBhLStgw=="
      },
      "Microsoft.DiaSymReader": {
        "type": "Transitive",
        "resolved": "2.2.9",
        "contentHash": "WLbDc/W9XkHpGVtd1L6Vml8W6+PaaYZZTJASHjHF7W2WX/hld6bfNK102Ui+I3a6zIdx4+oKRJtMgHz44JmBfw=="
      },
      "Microsoft.Extensions.DependencyInjection": {
        "type": "Transitive",
        "resolved": "10.0.10",
        "contentHash": "ANyvsgkNBRvcJh2XLgn8veGmajf+8m0AbKK+HPWdRL1yraSNVVSmQhFntLtdz/C795jxqqup+k05cs/3jZQPOA==",
        "dependencies": {
          "Microsoft.Extensions.DependencyInjection.Abstractions": "10.0.10"
        }
      },
      "Microsoft.Extensions.DependencyInjection.Abstractions": {
        "type": "Transitive",
        "resolved": "10.0.10",
        "contentHash": "z/2xXlFw2aLGjHyEm6E0tQ+In6VfzQzTrtArbQ2c0TQE16ZbyDCMGPvaUT9I0s8rgy9sRWlU2P9waW37qV04qA=="
      },
      "Microsoft.Extensions.DependencyModel": {
        "type": "Transitive",
        "resolved": "10.0.8",
        "contentHash": "vLyZVpxmduO2jx+76ggqnsA3m81kwMY3NkWciNTj5E+Nvqb0VihqCvQP89QsGONWp0AJwMZG+u9GzaCjDdFGNw=="
      },
      "Microsoft.Extensions.FileSystemGlobbing": {
        "type": "Transitive",
        "resolved": "10.0.9",
        "contentHash": "mvRf9qOH/LslWIee/h+lsElnoUyKotEwoPL31soqScmO/eoxObaTCLCdx2DdqPdRi9LnB+7qKZ49jfyrLZuc+w=="
      },
      "Microsoft.OpenApi": {
        "type": "Transitive",
        "resolved": "1.6.29",
        "contentHash": "mLoYWWwRP3C7Iier4dDzepq0kw1Tpdlh+B6KZ1SNcgq/tWI8aC41WYvIsJpsAS4UG1IV4c0AAnZs8qCPobzBkQ=="
      },
      "Microsoft.OpenApi.Readers": {
        "type": "Transitive",
        "resolved": "1.6.29",
        "contentHash": "GYtIRq1iUO6zwnrUa63ELQHHSgMXRAxkXhtSyOKvH8tVPXql0HOjPTgJv7ZzGuzEzCIDZNujKUjrfi+36xxDSg==",
        "dependencies": {
          "Microsoft.OpenApi": "1.6.29",
          "SharpYaml": "2.1.1"
        }
      },
      "Microsoft.Testing.Extensions.CodeCoverage": {
        "type": "Transitive",
        "resolved": "18.9.0",
        "contentHash": "Odp8djWEUFTJoRV02y0zJaAwAHF31CtNaDgnKKM+8dBHbbaH7Ee0oo9gweLpbzjI7UrtMUzH6xLJSrICZw+Nwg==",
        "dependencies": {
          "Microsoft.DiaSymReader": "2.2.9",
          "Microsoft.Extensions.DependencyModel": "10.0.8",
          "Microsoft.Testing.Platform": "2.3.0"
        }
      },
      "Microsoft.Testing.Extensions.Telemetry": {
        "type": "Transitive",
        "resolved": "2.3.2",
        "contentHash": "Q1iapTk1DwFFT9aPtv4wxJHe22++NLxsg7IekEujac9RDAugxGQdCN0SQ1b9ryF78cdidhSBB17pHdCANurOyQ==",
        "dependencies": {
          "Microsoft.ApplicationInsights": "2.23.0",
          "Microsoft.Testing.Platform": "2.3.2"
        }
      },
      "Microsoft.Testing.Extensions.TrxReport": {
        "type": "Transitive",
        "resolved": "2.3.2",
        "contentHash": "JzCtiOAmIfkPP2PpAKZeiH1hVYIVC9jMhsPWrd6PnH/Wtuct1UMuxpKi2F1cmXgfokc/HOadC6HOO1qzI23tnA==",
        "dependencies": {
          "Microsoft.Testing.Extensions.TrxReport.Abstractions": "2.3.2",
          "Microsoft.Testing.Platform": "2.3.2"
        }
      },
      "Microsoft.Testing.Extensions.TrxReport.Abstractions": {
        "type": "Transitive",
        "resolved": "2.3.2",
        "contentHash": "frw+Qa6gUxOZSw2Mw6SPtJT9gPzcP4nS9TfQhS0cHXKL6Rcp/CqLG+o4Psc1bHAhxW04rpzTBhjpNMnw2L7BuQ==",
        "dependencies": {
          "Microsoft.Testing.Platform": "2.3.2"
        }
      },
      "Microsoft.Testing.Platform": {
        "type": "Transitive",
        "resolved": "2.3.2",
        "contentHash": "FuJgIEfNU+rFHJYGhuqA8uup+3cryJ1N67Tijqo01Jd5xAr28ptz0aXkFfSqK3MhAUmGsrPpgQ92+3+0oXv8AA=="
      },
      "Microsoft.Testing.Platform.MSBuild": {
        "type": "Transitive",
        "resolved": "2.3.2",
        "contentHash": "guFvvaE8FGUlB6h24jN+P+NBz/P5x4On9sk4n5UapUAPq4fr0y1AgUe4sXmItp7r2NMe3rhZYLE1teP9T9sVbg==",
        "dependencies": {
          "Microsoft.Testing.Platform": "2.3.2"
        }
      },
      "Microsoft.VisualStudio.Threading.Analyzers": {
        "type": "Transitive",
        "resolved": "17.14.15",
        "contentHash": "mXQPJsbuUD2ydq4/ffd8h8tSOFCXec+2xJOVNCvXjuMOq/+5EKHq3D2m2MC2+nUaXeFMSt66VS/J4HdKBixgcw=="
      },
      "NUglify": {
        "type": "Transitive",
        "resolved": "1.21.18",
        "contentHash": "M6IoRH/8/1cJU2rS/zmYkr+Gwc9s0VuDcao+3wfRihcZ7hwDtJ3VgMOOa8BIKh4YC2KxOYdHhnrQIVL7elUSrQ=="
      },
      "Onigwrap": {
        "type": "Transitive",
        "resolved": "1.0.11",
        "contentHash": "5/WAxSYWfiiPzp1X13qqdqjFmYLKDD/U7Vh3WCkKxWG9BjqdrXnQE5fCKCFJX+xWvuYLTxwZIVWBwBWObViE8g=="
      },
      "Scriban": {
        "type": "Transitive",
        "resolved": "7.2.5",
        "contentHash": "6HDyv0P6PVdx/prWM3Aw0QHAT/DCpkBxOovZ2iPIH4L4ZvJ13JNYJgyUI+xJ5K2agXreYTBe23AL5ZQNTqJQvA=="
      },
      "SharpYaml": {
        "type": "Transitive",
        "resolved": "2.1.1",
        "contentHash": "BISoFuW2AwZYXxrZGaBnedo21BvrdgC4kkWd6QYrOdhOGSsZB0RSqcBw09l9caUE1g3sykJoRfSbtSzZS6tYig=="
      },
      "ShimSkiaSharp": {
        "type": "Transitive",
        "resolved": "4.1.0",
        "contentHash": "ivo4qGw4MyozDpkjf/JsDS1YDKMyKw+Nrb9UNfwLWNsadVlf0pI1unb5PQ6JiIcEzqBDdlJXyAMzx+gocBVB7w=="
      },
      "SkiaSharp": {
        "type": "Transitive",
        "resolved": "4.150.0",
        "contentHash": "K8dpv8SJ7xwe+lPnOlHRMRcpfZ/LfR2tIMxIz3jndMR/X1q81UXwFw3Ybj8ZjMimGVl9gUFY6SoyQ3BiIfkuDg==",
        "dependencies": {
          "SkiaSharp.NativeAssets.Win32": "4.150.0",
          "SkiaSharp.NativeAssets.macOS": "4.150.0"
        }
      },
      "SkiaSharp.NativeAssets.Linux": {
        "type": "Transitive",
        "resolved": "3.119.4",
        "contentHash": "UAyVzbqNfZsZbKbzj68zXLyUyF/SbTKmzTfOO6qDu++dtIUMMTzPBe8oOuzU/DiewpfKoUUlOSsJmqWc6blxBw=="
      },
      "SkiaSharp.NativeAssets.Linux.NoDependencies": {
        "type": "Transitive",
        "resolved": "4.150.0",
        "contentHash": "Zhtrj0nsHQeXVUqX36UzGyTTGvxKd7hhv/YTts5+LbzYXitbqhtGfXlWXGcUkVHwWdr0WoiqD20TWvjjsS9geQ=="
      },
      "SkiaSharp.NativeAssets.macOS": {
        "type": "Transitive",
        "resolved": "4.150.0",
        "contentHash": "vy8/EtYhsu+zKM9uOns4RmKMPW+m/CPYaSjq4Hi3m8ZzcePaN45Sz1D7hbTDFKogobFOb1JQAkdikjCmAVaSQQ=="
      },
      "SkiaSharp.NativeAssets.WebAssembly": {
        "type": "Transitive",
        "resolved": "3.119.4",
        "contentHash": "S1HOxtBbD4bYDtA2e9WH5TX+lxqRrTPvKjrjttRhxnHNNu7YY8VFo/LeCP7tNqoTA6PV+8vsvNbmRUEC2ip8RQ=="
      },
      "SkiaSharp.NativeAssets.Win32": {
        "type": "Transitive",
        "resolved": "4.150.0",
        "contentHash": "et1ROcTSzDWTlxPFQGBupxIOHb62fItqVrSEdYfh26TUjfsH02PVE3yw1wfcskfRDYPUPu0o0hKPuclmT0hS9Q=="
      },
      "SonarAnalyzer.CSharp": {
        "type": "Transitive",
        "resolved": "10.16.0.128591",
        "contentHash": "W/jZGbsMFvnTY112Ab2WZArzWtkGQuMrQdromFpDak+GO/DKcgn4O2tTun/fQgDBpnQJOyyTdzQrQPzPJ544jg=="
      },
      "Svg.Controls.Avalonia": {
        "type": "Transitive",
        "resolved": "12.0.0.1",
        "contentHash": "VzeANFBwPxQvd7iIZ5OUxCudxylOtKRsRTbHAWYts8y03BUyEBlKYF/CiZ0xZJbARsn2gKyOSXQaevWRkIkyvA==",
        "dependencies": {
          "Avalonia": "12.0.0",
          "Svg.Model": "4.1.0",
          "Svg.SceneGraph": "4.1.0"
        }
      },
      "Svg.Custom": {
        "type": "Transitive",
        "resolved": "4.1.0",
        "contentHash": "NGoJFa+cXV783x/trg+HEy1ew4LPfELEaPkNrdncjSPhY4ZIFMSL/lwqcCY+jyq5Ef/Q1Wj2t3FBkbGXMPoDXA==",
        "dependencies": {
          "ExCSS": "4.3.1"
        }
      },
      "Svg.Model": {
        "type": "Transitive",
        "resolved": "4.1.0",
        "contentHash": "gZ21aaCul5QyqgDR9yFt1qLrz0XkXE3/CRY73Sj9vP/HuqrfE/WUY59xlSs11dpbBFd4ZpC9teaHLqS2RxecSg==",
        "dependencies": {
          "ShimSkiaSharp": "4.1.0",
          "Svg.Custom": "4.1.0"
        }
      },
      "Svg.SceneGraph": {
        "type": "Transitive",
        "resolved": "4.1.0",
        "contentHash": "Z3exGx3xqlvUdF2IWFGtDcMSGkVwOV7ciYcCpUeZwcrZcUtofaMPYQcC5mFORQLGZtmDdyaLmdMoJYzw+XsaBQ==",
        "dependencies": {
          "ShimSkiaSharp": "4.1.0",
          "Svg.Custom": "4.1.0",
          "Svg.Model": "4.1.0"
        }
      },
      "TextMateSharp": {
        "type": "Transitive",
        "resolved": "2.0.4",
        "contentHash": "5Pvn+A4zb1IF+ACAVhgw1aGf9kTyx6j7v5hdup7nCS89Nzby8KQAlCfQ54VC/GAsEoQwh4zKa5MKlAaql8nkPg==",
        "dependencies": {
          "Onigwrap": "1.0.11"
        }
      },
      "TextMateSharp.Grammars": {
        "type": "Transitive",
        "resolved": "2.0.4",
        "contentHash": "jzOY00q5u5Vs4L9n2m2PnRZDGwWt2uwkOLh7qlVdCx1kkGSn5eaW5XgnYCyTzEbsCwLV2xlEolnNkr/wuIMAbA==",
        "dependencies": {
          "TextMateSharp": "2.0.4"
        }
      },
      "Tmds.DBus.Protocol": {
        "type": "Transitive",
        "resolved": "0.94.1",
        "contentHash": "11YMr7FnAbL83bQmVxlhbIKHvSLxjO81D12Ej0QMSGXMDTxNA9MTOa4MQxx43nv5el/efuPHwzyrj6a5ha2gug=="
      },
      "TUnit.Assertions": {
        "type": "Transitive",
        "resolved": "1.61.15",
        "contentHash": "hxXV8S+6rcYN3Oh9Ok7eo5LoGgDo6tudT8WYngwc2K16DetX9BrAkMkUJ+gEzkJxMfIyo1dFTrkalhRHQbwpTA=="
      },
      "TUnit.Core": {
        "type": "Transitive",
        "resolved": "1.61.15",
        "contentHash": "2Ro4Gx3iYOWMjf9ykAykJyIepRD9tvP12cdV7m1uTFkkXJC2Ok1NY6BynYyn2/S0VDN7DMdSkvtbjVaLNqmOKA=="
      },
      "TUnit.Engine": {
        "type": "Transitive",
        "resolved": "1.61.15",
        "contentHash": "0uGjsf3a1lydHrU3W9K/B+ac5ibZ4TcMqw7k7XQlsoF4uRMIgmNUkxcpURIgZRfM+VMO3RhgKkiZ0Z0MysThUg==",
        "dependencies": {
          "EnumerableAsyncProcessor": "3.8.4",
          "Microsoft.Testing.Extensions.TrxReport.Abstractions": "2.3.2",
          "Microsoft.Testing.Platform": "2.3.2",
          "Microsoft.Testing.Platform.MSBuild": "2.3.2",
          "TUnit.Core": "1.61.15"
        }
      },
      "YamlDotNet": {
        "type": "Transitive",
        "resolved": "18.1.0",
        "contentHash": "5K+9KFg2TdTl7VXv88Qzi/0lqK6JFoNP3lRuImPYGRV7K/QYklDyTrj4+A+KAki1JsQi6qKY+hDyY7d6WRqjrw=="
      },
      "kiln.studio": {
        "type": "Project",
        "dependencies": {
          "Avalonia": "[12.1.0, )",
          "Avalonia.AvaloniaEdit": "[12.*, )",
          "Avalonia.Desktop": "[12.1.0, )",
          "Avalonia.Fonts.Inter": "[12.1.0, )",
          "Avalonia.Themes.Fluent": "[12.1.0, )",
          "AvaloniaEdit.TextMate": "[12.*, )",
          "CommunityToolkit.Mvvm": "[8.4.2, )",
          "Kiln.Studio.Services": "[0.1.0, )",
          "Kiln.Studio.ViewModels": "[0.1.0, )",
          "Markdown.Avalonia": "[12.0.0-a3, )",
          "Material.Icons.Avalonia": "[3.0.2, )",
          "Microsoft.Extensions.DependencyInjection": "[10.0.10, )",
          "TextMateSharp.Grammars": "[2.0.4, )"
        }
      },
      "kiln.studio.services": {
        "type": "Project",
        "dependencies": {
          "Kiln.Abstractions": "[1.2.0-beta.2, )",
          "Kiln.Core": "[1.2.0-beta.2, )",
          "Microsoft.Extensions.DependencyInjection": "[10.0.10, )",
          "YamlDotNet": "[18.1.0, )"
        }
      },
      "kiln.studio.testsupport": {
        "type": "Project",
        "dependencies": {
          "Kiln.Studio.Services": "[0.1.0, )",
          "Kiln.Studio.ViewModels": "[0.1.0, )"
        }
      },
      "kiln.studio.viewmodels": {
        "type": "Project",
        "dependencies": {
          "CommunityToolkit.Mvvm": "[8.4.2, )",
          "Kiln.Studio.Services": "[0.1.0, )"
        }
      }
    }
  }
}