{
  "version": 1,
  "dependencies": {
    "net10.0": {
      "Kiln.Abstractions": {
        "type": "Direct",
        "requested": "[1.*, )",
        "resolved": "1.1.0",
        "contentHash": "oOemqMycviB3rXcTwKGHauDKZxNWAENCxz1ig2PEB8XsGS+sWv2GyRUMZLlW0BzFTBzRGjyi4tlw6dxiEeUKXA=="
      },
      "Kiln.Core": {
        "type": "Direct",
        "requested": "[1.*, )",
        "resolved": "1.1.0",
        "contentHash": "3wFf+vI0cx1w/xNpxb5638+KttuWJsXOLY8X0MS+IIVJzy63z7k/sX+5cyr+9tdn3ML+9LpSChts2udzhi5c7g==",
        "dependencies": {
          "AngleSharp": "1.5.2",
          "Kiln.Abstractions": "1.1.0",
          "Markdig": "1.3.2",
          "Microsoft.Extensions.DependencyInjection": "10.0.9",
          "Microsoft.OpenApi.Readers": "1.6.29",
          "NUglify": "1.21.17",
          "Scriban": "7.2.5",
          "YamlDotNet": "18.1.0"
        }
      },
      "Microsoft.Extensions.DependencyInjection": {
        "type": "Direct",
        "requested": "[10.*, )",
        "resolved": "10.0.9",
        "contentHash": "NijozhERJDIaJ4k5TSMy1jOi0cSC2HfkvRD/Sl+kGSSKgVbFnF4GxgtMN/MrzHB8D1JxIrD4xSer9Blh9v3axQ==",
        "dependencies": {
          "Microsoft.Extensions.DependencyInjection.Abstractions": "10.0.9"
        }
      },
      "Microsoft.Extensions.StaticAnalysis": {
        "type": "Direct",
        "requested": "[10.7.0, )",
        "resolved": "10.7.0",
        "contentHash": "rA7qa/5zGeuepU76QAfkaW6MmoDRDn7Rz5eH5d+KscjEe+gnW4FCudRXOPLLD9Hn+Mfi0/D/FD15jP3jcho/uQ==",
        "dependencies": {
          "Microsoft.VisualStudio.Threading.Analyzers": "17.14.15",
          "SonarAnalyzer.CSharp": "10.16.0.128591"
        }
      },
      "YamlDotNet": {
        "type": "Direct",
        "requested": "[18.*, )",
        "resolved": "18.1.0",
        "contentHash": "5K+9KFg2TdTl7VXv88Qzi/0lqK6JFoNP3lRuImPYGRV7K/QYklDyTrj4+A+KAki1JsQi6qKY+hDyY7d6WRqjrw=="
      },
      "AngleSharp": {
        "type": "Transitive",
        "resolved": "1.5.2",
        "contentHash": "LVZ7rrr6GHbhERhTgVDarVygl1e6KwE96pronA90LBOMacDhxR4lB+xYLjn/vlnUu+xbOB2RM9fuCPEx5bdyWA=="
      },
      "Markdig": {
        "type": "Transitive",
        "resolved": "1.3.2",
        "contentHash": "fZgOC/3CswUrndjDTac70aQpYdtxbW5+5bRumR7vzvI2HJbkmgKisB1c9oT+GA6v0jB/JDR9BLa9FiPzQmaK6A=="
      },
      "Microsoft.Extensions.DependencyInjection.Abstractions": {
        "type": "Transitive",
        "resolved": "10.0.9",
        "contentHash": "g41l/30G3K4B/d/L8kjux0+30e27c8D0FVQ/PFCpbekgfDpj9mnDhieP67EqXWvl1EWNeZh2rpR4F5B/jcDOHA=="
      },
      "Microsoft.OpenApi": {
        "type": "Transitive",
        "resolved": "1.6.29",
        "contentHash": "mLoYWWwRP3C7Iier4dDzepq0kw1Tpdlh+B6KZ1SNcgq/tWI8aC41WYvIsJpsAS4UG1IV4c0AAnZs8qCPobzBkQ=="
      },
      "Microsoft.OpenApi.Readers": {
        "type": "Transitive",
        "resolved": "1.6.29",
        "contentHash": "GYtIRq1iUO6zwnrUa63ELQHHSgMXRAxkXhtSyOKvH8tVPXql0HOjPTgJv7ZzGuzEzCIDZNujKUjrfi+36xxDSg==",
        "dependencies": {
          "Microsoft.OpenApi": "1.6.29",
          "SharpYaml": "2.1.1"
        }
      },
      "Microsoft.VisualStudio.Threading.Analyzers": {
        "type": "Transitive",
        "resolved": "17.14.15",
        "contentHash": "mXQPJsbuUD2ydq4/ffd8h8tSOFCXec+2xJOVNCvXjuMOq/+5EKHq3D2m2MC2+nUaXeFMSt66VS/J4HdKBixgcw=="
      },
      "NUglify": {
        "type": "Transitive",
        "resolved": "1.21.17",
        "contentHash": "K2ywYpoPEvU3+Ooq6wxz+FJOkmbDeoE41q/sJZWv9tI7qbTmH2A5R0E4hWzruvl/9pnUhqwbu1mxT06C45D0ZQ=="
      },
      "Scriban": {
        "type": "Transitive",
        "resolved": "7.2.5",
        "contentHash": "6HDyv0P6PVdx/prWM3Aw0QHAT/DCpkBxOovZ2iPIH4L4ZvJ13JNYJgyUI+xJ5K2agXreYTBe23AL5ZQNTqJQvA=="
      },
      "SharpYaml": {
        "type": "Transitive",
        "resolved": "2.1.1",
        "contentHash": "BISoFuW2AwZYXxrZGaBnedo21BvrdgC4kkWd6QYrOdhOGSsZB0RSqcBw09l9caUE1g3sykJoRfSbtSzZS6tYig=="
      },
      "SonarAnalyzer.CSharp": {
        "type": "Transitive",
        "resolved": "10.16.0.128591",
        "contentHash": "W/jZGbsMFvnTY112Ab2WZArzWtkGQuMrQdromFpDak+GO/DKcgn4O2tTun/fQgDBpnQJOyyTdzQrQPzPJ544jg=="
      }
    }
  }
}