{
  "version": 1,
  "dependencies": {
    "net10.0": {
      "Avalonia": {
        "type": "Direct",
        "requested": "[12.*, )",
        "resolved": "12.0.5",
        "contentHash": "eGDbwos1AMlOaXnGN5IQ+JGG3RViFFuyN3GP70irOSbqZt4H9A6quIP6uVFVni/bBczmt5ELGuHzN+lkLQSD1A==",
        "dependencies": {
          "Avalonia.BuildServices": "11.3.2",
          "Avalonia.Remote.Protocol": "12.0.5",
          "MicroCom.Runtime": "0.11.4"
        }
      },
      "Avalonia.AvaloniaEdit": {
        "type": "Direct",
        "requested": "[12.*, )",
        "resolved": "12.0.0",
        "contentHash": "VNfaYdTbiQ2DlSkSMoLg4DhTbQmQR0cFT6nqEqLkaYGLjBWmUdv5BNIuoObK4c9cgzFqnEJXBaOp4R/bxgFKfQ==",
        "dependencies": {
          "Avalonia": "12.0.0"
        }
      },
      "Avalonia.Desktop": {
        "type": "Direct",
        "requested": "[12.*, )",
        "resolved": "12.0.5",
        "contentHash": "L4bTMshYrhjSKu09Q60OHN1+Lfr9z7JsyRL6rfj3iQfjWm+5gsTl2viz5gyzDUgc/U5A7gf57e1spEX+nE/7zg==",
        "dependencies": {
          "Avalonia": "12.0.5",
          "Avalonia.HarfBuzz": "12.0.5",
          "Avalonia.Native": "12.0.5",
          "Avalonia.Skia": "12.0.5",
          "Avalonia.Win32": "12.0.5",
          "Avalonia.X11": "12.0.5"
        }
      },
      "Avalonia.Fonts.Inter": {
        "type": "Direct",
        "requested": "[12.*, )",
        "resolved": "12.0.5",
        "contentHash": "50zhPwYVIaqE0vVyHQxqjclObXYBT23Vt8QhsZ11vKSXddMAgPMd6zEEGGG83s1b3xXH1hZukBFqGgVAkjyZtA==",
        "dependencies": {
          "Avalonia": "12.0.5"
        }
      },
      "Avalonia.Themes.Fluent": {
        "type": "Direct",
        "requested": "[12.*, )",
        "resolved": "12.0.5",
        "contentHash": "QfbziOuzNQzMd0uCbe//p4o1u6EAesEpX41fUCULBaLENd5OAT6iU0GiN9gzhSzVfSjHuxDcafXqJMxi3H3IhA==",
        "dependencies": {
          "Avalonia": "12.0.5"
        }
      },
      "AvaloniaEdit.TextMate": {
        "type": "Direct",
        "requested": "[12.*, )",
        "resolved": "12.0.0",
        "contentHash": "FArIpBB2zcraoYqQIPNkevviNtuzKrA5tEVAAE03PboZMy2recf4TJEXk1BfCw7Oo4fBBh7srUqOdK5RNSUNrg==",
        "dependencies": {
          "Avalonia": "12.0.0",
          "Avalonia.AvaloniaEdit": "12.0.0",
          "TextMateSharp": "2.0.3",
          "TextMateSharp.Grammars": "2.0.3"
        }
      },
      "CommunityToolkit.Mvvm": {
        "type": "Direct",
        "requested": "[8.*, )",
        "resolved": "8.4.2",
        "contentHash": "WadCzGEc2U+3e20avRLng4qNtt4zoOGWrdUISqJWrHe3/FSnrYjuM5Sb4yQb09LhkBXrrI4Zt3dLKgRMbItsrg=="
      },
      "Markdown.Avalonia": {
        "type": "Direct",
        "requested": "[12.0.0-a3, )",
        "resolved": "12.0.0-a3",
        "contentHash": "WxJ09NVwZhVGyOwxIjoCngAPxK3D03qp6Q0s22tJsuFBqeA/J5P/nMtq2u6qCSYrQapjvWhre44IZ20euMJ0lA==",
        "dependencies": {
          "Markdown.Avalonia.Html": "12.0.0-a3",
          "Markdown.Avalonia.Svg": "12.0.0-a3",
          "Markdown.Avalonia.SyntaxHigh": "12.0.0-a3",
          "Markdown.Avalonia.Tight": "12.0.0-a3"
        }
      },
      "Microsoft.Extensions.DependencyInjection": {
        "type": "Direct",
        "requested": "[10.*, )",
        "resolved": "10.0.9",
        "contentHash": "NijozhERJDIaJ4k5TSMy1jOi0cSC2HfkvRD/Sl+kGSSKgVbFnF4GxgtMN/MrzHB8D1JxIrD4xSer9Blh9v3axQ==",
        "dependencies": {
          "Microsoft.Extensions.DependencyInjection.Abstractions": "10.0.9"
        }
      },
      "Microsoft.Extensions.StaticAnalysis": {
        "type": "Direct",
        "requested": "[10.7.0, )",
        "resolved": "10.7.0",
        "contentHash": "rA7qa/5zGeuepU76QAfkaW6MmoDRDn7Rz5eH5d+KscjEe+gnW4FCudRXOPLLD9Hn+Mfi0/D/FD15jP3jcho/uQ==",
        "dependencies": {
          "Microsoft.VisualStudio.Threading.Analyzers": "17.14.15",
          "SonarAnalyzer.CSharp": "10.16.0.128591"
        }
      },
      "TextMateSharp.Grammars": {
        "type": "Direct",
        "requested": "[2.*, )",
        "resolved": "2.0.4",
        "contentHash": "jzOY00q5u5Vs4L9n2m2PnRZDGwWt2uwkOLh7qlVdCx1kkGSn5eaW5XgnYCyTzEbsCwLV2xlEolnNkr/wuIMAbA==",
        "dependencies": {
          "TextMateSharp": "2.0.4"
        }
      },
      "AngleSharp": {
        "type": "Transitive",
        "resolved": "1.5.2",
        "contentHash": "LVZ7rrr6GHbhERhTgVDarVygl1e6KwE96pronA90LBOMacDhxR4lB+xYLjn/vlnUu+xbOB2RM9fuCPEx5bdyWA=="
      },
      "Avalonia.Angle.Windows.Natives": {
        "type": "Transitive",
        "resolved": "2.1.27548.20260419",
        "contentHash": "l17nI3XVDN3oMnpjf2pnmJg0YTwK4m6NLsn/itAjDMdObTFxN77D5F1M9sRMSfViSY3KKcse1ROczwgoWLJsnA=="
      },
      "Avalonia.BuildServices": {
        "type": "Transitive",
        "resolved": "11.3.2",
        "contentHash": "qHDToxto1e3hci5YqbG9n0Ty8mlp3zBUN5wT66wKqaDVzXyQ0do3EnRILd4Ke9jpvsktaPpgE0YjEk7hornryQ=="
      },
      "Avalonia.FreeDesktop": {
        "type": "Transitive",
        "resolved": "12.0.5",
        "contentHash": "51IiLrfyJdMtmVTiXiEi1q1nXS5KAMYvFNeovlwKSuTgY/agBevnfBTY+DnKnIjZMdXWWKVGJJh7MldMkPc14w==",
        "dependencies": {
          "Avalonia": "12.0.5",
          "Tmds.DBus.Protocol": "0.92.0"
        }
      },
      "Avalonia.FreeDesktop.AtSpi": {
        "type": "Transitive",
        "resolved": "12.0.5",
        "contentHash": "IrsjB1QpzXwgdnkpG6ejGxSaHp0sRrq3rZlrzRyhwEGllAxcOeUuQpq8/OrO3OUJLxXtxlsM4ku17v+7q7xGKQ==",
        "dependencies": {
          "Avalonia": "12.0.5"
        }
      },
      "Avalonia.HarfBuzz": {
        "type": "Transitive",
        "resolved": "12.0.5",
        "contentHash": "jR8i/fgrmAKEp0T3iLqfKCoEDJV9ODVzN+8bofM2guEr05eaXbx6iXZxcjh0nDK4UbK0akYDgBfAgyHoatqGjg==",
        "dependencies": {
          "Avalonia": "12.0.5",
          "HarfBuzzSharp": "8.3.1.3",
          "HarfBuzzSharp.NativeAssets.Linux": "8.3.1.3",
          "HarfBuzzSharp.NativeAssets.WebAssembly": "8.3.1.3"
        }
      },
      "Avalonia.Native": {
        "type": "Transitive",
        "resolved": "12.0.5",
        "contentHash": "m6qn0UGMI/b4cFfJ8id8sPYLotc7szhZdexPCKY+kIvGlx6Ln0VjNejRMiJDZ4S91q6nbKJL/YmfPd8UruTNjQ==",
        "dependencies": {
          "Avalonia": "12.0.5"
        }
      },
      "Avalonia.Remote.Protocol": {
        "type": "Transitive",
        "resolved": "12.0.5",
        "contentHash": "/S4T1uZzXvPpN0Sqs44u3Rl5/qCZHHefRK7xyORONHH1w60IfsfsE5RbwFSku7qmib1DsGZZXxtweJq24ERfbg=="
      },
      "Avalonia.Skia": {
        "type": "Transitive",
        "resolved": "12.0.5",
        "contentHash": "cSLTpvzsm5JpUA1tQvuht3qN6oiy1PNRgbrp1g7jCSzAFf+OKZecSne+KT1apBQUkevciaHxwtAxLolPGD9izg==",
        "dependencies": {
          "Avalonia": "12.0.5",
          "HarfBuzzSharp": "8.3.1.3",
          "HarfBuzzSharp.NativeAssets.Linux": "8.3.1.3",
          "HarfBuzzSharp.NativeAssets.WebAssembly": "8.3.1.3",
          "SkiaSharp": "3.119.4",
          "SkiaSharp.NativeAssets.Linux": "3.119.4",
          "SkiaSharp.NativeAssets.WebAssembly": "3.119.4"
        }
      },
      "Avalonia.Win32": {
        "type": "Transitive",
        "resolved": "12.0.5",
        "contentHash": "ZY1ZLXQdQqlz9GUZGXK+73kTFgKzygPbGk/gHfROUWLr2aBh1kOA1KY5xB7/cSSY+egDr+IGSjsQbgS8eSu9Tg==",
        "dependencies": {
          "Avalonia": "12.0.5",
          "Avalonia.Angle.Windows.Natives": "2.1.27548.20260419"
        }
      },
      "Avalonia.X11": {
        "type": "Transitive",
        "resolved": "12.0.5",
        "contentHash": "6OyZa5ehNbzd7JWiVbGdjuzdsgy2Rgibtwczmh7hKnePxLmOqeSL+hQ6vHanSx246TpSBKDPvjqwW7NuQrmAJg==",
        "dependencies": {
          "Avalonia": "12.0.5",
          "Avalonia.FreeDesktop": "12.0.5",
          "Avalonia.FreeDesktop.AtSpi": "12.0.5",
          "Avalonia.Skia": "12.0.5"
        }
      },
      "ColorDocument.Avalonia": {
        "type": "Transitive",
        "resolved": "12.0.0-a3",
        "contentHash": "2MwW34IORon/fsqIJ99CDKMQ4Ht4xgbAQP93GGKAtXbTWevzmxbtr83IJ7tfRFmkxN3KCcYNhsKJ3JY+oD8KHA==",
        "dependencies": {
          "Avalonia": "12.0.0",
          "ColorTextBlock.Avalonia": "12.0.0-a3"
        }
      },
      "ColorTextBlock.Avalonia": {
        "type": "Transitive",
        "resolved": "12.0.0-a3",
        "contentHash": "atiMWViOXGG4bYBYxR+azVAM5XA53/exUpa3GHBL0Ktu+swS8I2ljmg6uLAqSINyq3KXrDpr2qL8hj0D+5bfPA==",
        "dependencies": {
          "Avalonia": "12.0.0"
        }
      },
      "ExCSS": {
        "type": "Transitive",
        "resolved": "4.3.1",
        "contentHash": "A8UtcghHQlWxPJhJF5bsfEYO7068JHGTuJ7tzyyMjd5fE/N/xY1cVOUhzuLLFwMOCJVnM4mqSQc93W9fGfZ1kA=="
      },
      "HarfBuzzSharp": {
        "type": "Transitive",
        "resolved": "8.3.1.3",
        "contentHash": "NGZ2+ZVNPM+NdHB/asW0/ykWngyHWwcqjrbN2nDeH1B/aptPGlCUl8wkQ2cSJxw5fdWgdmIPmNuTPWpLwNVXWg==",
        "dependencies": {
          "HarfBuzzSharp.NativeAssets.Win32": "8.3.1.3",
          "HarfBuzzSharp.NativeAssets.macOS": "8.3.1.3"
        }
      },
      "HarfBuzzSharp.NativeAssets.Linux": {
        "type": "Transitive",
        "resolved": "8.3.1.3",
        "contentHash": "RI6A1LgmooU30+4QIyFt5rmBCzP0VzTR+587IJSGvYIsHHWlahFufihYxtraLfsIhW7I8dn6+xX+DZGygOPKWQ=="
      },
      "HarfBuzzSharp.NativeAssets.macOS": {
        "type": "Transitive",
        "resolved": "8.3.1.3",
        "contentHash": "KPTq0xnslkI6nAo0jh3ptcQPJvZZr7MWYXa2jUe4SnHc9q+JlHElmNXp0sfFoiTgoCX7WOYpYsurypuH9Gehxw=="
      },
      "HarfBuzzSharp.NativeAssets.WebAssembly": {
        "type": "Transitive",
        "resolved": "8.3.1.3",
        "contentHash": "w2QfdNm9Uz/sUa0B5D+OnVQhyq3G/fBq6ibQMdWBlQqqwh0g0/5j3RFvYqZAmRZ5+RzvjVe8o8SFFnWYUSkuxA=="
      },
      "HarfBuzzSharp.NativeAssets.Win32": {
        "type": "Transitive",
        "resolved": "8.3.1.3",
        "contentHash": "bx8CE8Js+XGX8PUxAHCBDEORt5aaBYtMN4Hr9QFs57Xithh6yjUyYqksizH6eRDhJkwsGI+SXWmPmMm8lZC9Pw=="
      },
      "HtmlAgilityPack": {
        "type": "Transitive",
        "resolved": "1.11.42",
        "contentHash": "LDc1bEfF14EY2DZzak4xvzWvbpNXK3vi1u0KQbBpLUN4+cx/VrvXhgCAMSJhSU5vz0oMfW9JZIR20vj/PkDHPA=="
      },
      "Kiln.Abstractions": {
        "type": "Transitive",
        "resolved": "1.1.0",
        "contentHash": "oOemqMycviB3rXcTwKGHauDKZxNWAENCxz1ig2PEB8XsGS+sWv2GyRUMZLlW0BzFTBzRGjyi4tlw6dxiEeUKXA=="
      },
      "Kiln.Core": {
        "type": "Transitive",
        "resolved": "1.1.0",
        "contentHash": "3wFf+vI0cx1w/xNpxb5638+KttuWJsXOLY8X0MS+IIVJzy63z7k/sX+5cyr+9tdn3ML+9LpSChts2udzhi5c7g==",
        "dependencies": {
          "AngleSharp": "1.5.2",
          "Kiln.Abstractions": "1.1.0",
          "Markdig": "1.3.2",
          "Microsoft.Extensions.DependencyInjection": "10.0.9",
          "Microsoft.OpenApi.Readers": "1.6.29",
          "NUglify": "1.21.17",
          "Scriban": "7.2.5",
          "YamlDotNet": "18.1.0"
        }
      },
      "Markdig": {
        "type": "Transitive",
        "resolved": "1.3.2",
        "contentHash": "fZgOC/3CswUrndjDTac70aQpYdtxbW5+5bRumR7vzvI2HJbkmgKisB1c9oT+GA6v0jB/JDR9BLa9FiPzQmaK6A=="
      },
      "Markdown.Avalonia.Html": {
        "type": "Transitive",
        "resolved": "12.0.0-a3",
        "contentHash": "700s950UN1yYCGsbetUOexkUo0iO18r+bWfz5A4l5rZzDfXTwju6YJ3xtXUAmrCpN7ZFP1v34XJCNB4VedhGFw==",
        "dependencies": {
          "Avalonia": "12.0.0",
          "ColorTextBlock.Avalonia": "12.0.0-a3",
          "HtmlAgilityPack": "1.11.42",
          "Markdown.Avalonia.SyntaxHigh": "12.0.0-a3",
          "Markdown.Avalonia.Tight": "12.0.0-a3"
        }
      },
      "Markdown.Avalonia.Svg": {
        "type": "Transitive",
        "resolved": "12.0.0-a3",
        "contentHash": "fwq6jheiRJvgv2ekJqV5DrAKR13qA0dEnTTpt+EdmS0PhsAtNpm6STphUCm8SMK7dcUjY/bZplwE3BGL7/ftgQ==",
        "dependencies": {
          "Avalonia": "12.0.0",
          "Markdown.Avalonia.Tight": "12.0.0-a3",
          "Svg.Controls.Avalonia": "12.0.0.1"
        }
      },
      "Markdown.Avalonia.SyntaxHigh": {
        "type": "Transitive",
        "resolved": "12.0.0-a3",
        "contentHash": "e68Rdih2WA2GVrS6pJsPUBc70dUb22HZx2QjmOFRQlihXiae+5a5nlIXrb2kbHrPgsiiKyXLqyUZKUST2P8bEQ==",
        "dependencies": {
          "Avalonia": "12.0.0",
          "Avalonia.AvaloniaEdit": "12.0.0"
        }
      },
      "Markdown.Avalonia.Tight": {
        "type": "Transitive",
        "resolved": "12.0.0-a3",
        "contentHash": "ogAS4ZYcMnMgNDPvBAxRQxziL0iCdZHzBurYjqYTkTArVTzVZJ0exzBjStJ2yvfodO2bnTndwrO3Y5IAneRyXw==",
        "dependencies": {
          "Avalonia": "12.0.0",
          "ColorDocument.Avalonia": "12.0.0-a3",
          "ColorTextBlock.Avalonia": "12.0.0-a3"
        }
      },
      "MicroCom.Runtime": {
        "type": "Transitive",
        "resolved": "0.11.4",
        "contentHash": "yZ8+Lgwo+KtRI29TB2mIOEMzV+csMJ+pKZg4YHReAP3vRewWLKKeYfrBDo5FS69rWnEbCfU3sbM+ZEQr+GDLtg=="
      },
      "Microsoft.Extensions.DependencyInjection.Abstractions": {
        "type": "Transitive",
        "resolved": "10.0.9",
        "contentHash": "g41l/30G3K4B/d/L8kjux0+30e27c8D0FVQ/PFCpbekgfDpj9mnDhieP67EqXWvl1EWNeZh2rpR4F5B/jcDOHA=="
      },
      "Microsoft.OpenApi": {
        "type": "Transitive",
        "resolved": "1.6.29",
        "contentHash": "mLoYWWwRP3C7Iier4dDzepq0kw1Tpdlh+B6KZ1SNcgq/tWI8aC41WYvIsJpsAS4UG1IV4c0AAnZs8qCPobzBkQ=="
      },
      "Microsoft.OpenApi.Readers": {
        "type": "Transitive",
        "resolved": "1.6.29",
        "contentHash": "GYtIRq1iUO6zwnrUa63ELQHHSgMXRAxkXhtSyOKvH8tVPXql0HOjPTgJv7ZzGuzEzCIDZNujKUjrfi+36xxDSg==",
        "dependencies": {
          "Microsoft.OpenApi": "1.6.29",
          "SharpYaml": "2.1.1"
        }
      },
      "Microsoft.VisualStudio.Threading.Analyzers": {
        "type": "Transitive",
        "resolved": "17.14.15",
        "contentHash": "mXQPJsbuUD2ydq4/ffd8h8tSOFCXec+2xJOVNCvXjuMOq/+5EKHq3D2m2MC2+nUaXeFMSt66VS/J4HdKBixgcw=="
      },
      "NUglify": {
        "type": "Transitive",
        "resolved": "1.21.17",
        "contentHash": "K2ywYpoPEvU3+Ooq6wxz+FJOkmbDeoE41q/sJZWv9tI7qbTmH2A5R0E4hWzruvl/9pnUhqwbu1mxT06C45D0ZQ=="
      },
      "Onigwrap": {
        "type": "Transitive",
        "resolved": "1.0.11",
        "contentHash": "5/WAxSYWfiiPzp1X13qqdqjFmYLKDD/U7Vh3WCkKxWG9BjqdrXnQE5fCKCFJX+xWvuYLTxwZIVWBwBWObViE8g=="
      },
      "Scriban": {
        "type": "Transitive",
        "resolved": "7.2.5",
        "contentHash": "6HDyv0P6PVdx/prWM3Aw0QHAT/DCpkBxOovZ2iPIH4L4ZvJ13JNYJgyUI+xJ5K2agXreYTBe23AL5ZQNTqJQvA=="
      },
      "SharpYaml": {
        "type": "Transitive",
        "resolved": "2.1.1",
        "contentHash": "BISoFuW2AwZYXxrZGaBnedo21BvrdgC4kkWd6QYrOdhOGSsZB0RSqcBw09l9caUE1g3sykJoRfSbtSzZS6tYig=="
      },
      "ShimSkiaSharp": {
        "type": "Transitive",
        "resolved": "4.1.0",
        "contentHash": "ivo4qGw4MyozDpkjf/JsDS1YDKMyKw+Nrb9UNfwLWNsadVlf0pI1unb5PQ6JiIcEzqBDdlJXyAMzx+gocBVB7w=="
      },
      "SkiaSharp": {
        "type": "Transitive",
        "resolved": "3.119.4",
        "contentHash": "53NOSUZ1Us+91Sm0uCkIivh/k7jOowRErZT2sIWwPFN9mLUvdxnE6rS4sWo4255+Rd2MWUSF+j0NMZHD6Cke+Q==",
        "dependencies": {
          "SkiaSharp.NativeAssets.Win32": "3.119.4",
          "SkiaSharp.NativeAssets.macOS": "3.119.4"
        }
      },
      "SkiaSharp.NativeAssets.Linux": {
        "type": "Transitive",
        "resolved": "3.119.4",
        "contentHash": "UAyVzbqNfZsZbKbzj68zXLyUyF/SbTKmzTfOO6qDu++dtIUMMTzPBe8oOuzU/DiewpfKoUUlOSsJmqWc6blxBw=="
      },
      "SkiaSharp.NativeAssets.macOS": {
        "type": "Transitive",
        "resolved": "3.119.4",
        "contentHash": "fgBOWEqbY012x7gMfJU4ezgz6dfhJb30Z6YdW35h85Zoe39+a8YNbAAwL29ihPfWoppg5AjvyKNzD1oCvlqWwA=="
      },
      "SkiaSharp.NativeAssets.WebAssembly": {
        "type": "Transitive",
        "resolved": "3.119.4",
        "contentHash": "S1HOxtBbD4bYDtA2e9WH5TX+lxqRrTPvKjrjttRhxnHNNu7YY8VFo/LeCP7tNqoTA6PV+8vsvNbmRUEC2ip8RQ=="
      },
      "SkiaSharp.NativeAssets.Win32": {
        "type": "Transitive",
        "resolved": "3.119.4",
        "contentHash": "XOpbx/4CReO2wYsq2s6rbvdauc6dntG4Zv499sHGTJ87bwZaFXszFkwql3+FIZMc8kUPeaj3Mx2ezIJmo8a1Kg=="
      },
      "SonarAnalyzer.CSharp": {
        "type": "Transitive",
        "resolved": "10.16.0.128591",
        "contentHash": "W/jZGbsMFvnTY112Ab2WZArzWtkGQuMrQdromFpDak+GO/DKcgn4O2tTun/fQgDBpnQJOyyTdzQrQPzPJ544jg=="
      },
      "Svg.Controls.Avalonia": {
        "type": "Transitive",
        "resolved": "12.0.0.1",
        "contentHash": "VzeANFBwPxQvd7iIZ5OUxCudxylOtKRsRTbHAWYts8y03BUyEBlKYF/CiZ0xZJbARsn2gKyOSXQaevWRkIkyvA==",
        "dependencies": {
          "Avalonia": "12.0.0",
          "Svg.Model": "4.1.0",
          "Svg.SceneGraph": "4.1.0"
        }
      },
      "Svg.Custom": {
        "type": "Transitive",
        "resolved": "4.1.0",
        "contentHash": "NGoJFa+cXV783x/trg+HEy1ew4LPfELEaPkNrdncjSPhY4ZIFMSL/lwqcCY+jyq5Ef/Q1Wj2t3FBkbGXMPoDXA==",
        "dependencies": {
          "ExCSS": "4.3.1"
        }
      },
      "Svg.Model": {
        "type": "Transitive",
        "resolved": "4.1.0",
        "contentHash": "gZ21aaCul5QyqgDR9yFt1qLrz0XkXE3/CRY73Sj9vP/HuqrfE/WUY59xlSs11dpbBFd4ZpC9teaHLqS2RxecSg==",
        "dependencies": {
          "ShimSkiaSharp": "4.1.0",
          "Svg.Custom": "4.1.0"
        }
      },
      "Svg.SceneGraph": {
        "type": "Transitive",
        "resolved": "4.1.0",
        "contentHash": "Z3exGx3xqlvUdF2IWFGtDcMSGkVwOV7ciYcCpUeZwcrZcUtofaMPYQcC5mFORQLGZtmDdyaLmdMoJYzw+XsaBQ==",
        "dependencies": {
          "ShimSkiaSharp": "4.1.0",
          "Svg.Custom": "4.1.0",
          "Svg.Model": "4.1.0"
        }
      },
      "TextMateSharp": {
        "type": "Transitive",
        "resolved": "2.0.4",
        "contentHash": "5Pvn+A4zb1IF+ACAVhgw1aGf9kTyx6j7v5hdup7nCS89Nzby8KQAlCfQ54VC/GAsEoQwh4zKa5MKlAaql8nkPg==",
        "dependencies": {
          "Onigwrap": "1.0.11"
        }
      },
      "Tmds.DBus.Protocol": {
        "type": "Transitive",
        "resolved": "0.92.0",
        "contentHash": "h7IMakm0PF2jxiagoysoAjrzzLQ0UBdnSXQL5kb17YW0Fvyo12Tg96A99QkzwktWRrd7H+Uw9EzjasNLUfGYlA=="
      },
      "YamlDotNet": {
        "type": "Transitive",
        "resolved": "18.1.0",
        "contentHash": "5K+9KFg2TdTl7VXv88Qzi/0lqK6JFoNP3lRuImPYGRV7K/QYklDyTrj4+A+KAki1JsQi6qKY+hDyY7d6WRqjrw=="
      },
      "kiln.studio.services": {
        "type": "Project",
        "dependencies": {
          "Kiln.Abstractions": "[1.*, )",
          "Kiln.Core": "[1.*, )",
          "Microsoft.Extensions.DependencyInjection": "[10.*, )",
          "YamlDotNet": "[18.*, )"
        }
      },
      "kiln.studio.viewmodels": {
        "type": "Project",
        "dependencies": {
          "CommunityToolkit.Mvvm": "[8.*, )",
          "Kiln.Studio.Services": "[0.1.0, )"
        }
      }
    }
  }
}