{
  "version": 1,
  "dependencies": {
    "net10.0": {
      "CommunityToolkit.Mvvm": {
        "type": "Direct",
        "requested": "[8.4.2, )",
        "resolved": "8.4.2",
        "contentHash": "WadCzGEc2U+3e20avRLng4qNtt4zoOGWrdUISqJWrHe3/FSnrYjuM5Sb4yQb09LhkBXrrI4Zt3dLKgRMbItsrg=="
      },
      "Microsoft.Extensions.StaticAnalysis": {
        "type": "Direct",
        "requested": "[10.8.0, )",
        "resolved": "10.8.0",
        "contentHash": "sw4EtjMMdss1ncQDoURorjpvfSyk0tBEHa+SqP+ZwnnmRskpfAE5v+NSlK1vXgIp279LMyuO8B8QoiVWHBJf2A==",
        "dependencies": {
          "Microsoft.VisualStudio.Threading.Analyzers": "17.14.15",
          "SonarAnalyzer.CSharp": "10.16.0.128591"
        }
      },
      "AngleSharp": {
        "type": "Transitive",
        "resolved": "1.5.2",
        "contentHash": "LVZ7rrr6GHbhERhTgVDarVygl1e6KwE96pronA90LBOMacDhxR4lB+xYLjn/vlnUu+xbOB2RM9fuCPEx5bdyWA=="
      },
      "Kiln.Abstractions": {
        "type": "Transitive",
        "resolved": "1.2.0-beta.2",
        "contentHash": "hGtbxHyF9DOW3Q1pGQdQdWutd394HhcmENSquGPgvP4TGYYqJfQnrXYrqmk1nVEwvw4o0QxRlwTtQWc+9ekZ+w=="
      },
      "Kiln.Core": {
        "type": "Transitive",
        "resolved": "1.2.0-beta.2",
        "contentHash": "bRE7CA7V3o+U1yogqcNuG0LJyiMOvAvDbJPK7PpJYIAMRlRagqaTHLN81EWIBE5RosZDNmGaL0Ib0PDIhXuwZA==",
        "dependencies": {
          "AngleSharp": "1.5.2",
          "Kiln.Abstractions": "1.2.0-beta.2",
          "Markdig": "1.3.2",
          "Microsoft.Extensions.DependencyInjection": "10.0.9",
          "Microsoft.Extensions.FileSystemGlobbing": "10.0.9",
          "Microsoft.OpenApi.Readers": "1.6.29",
          "NUglify": "1.21.18",
          "Scriban": "7.2.5",
          "SkiaSharp": "4.150.0",
          "SkiaSharp.NativeAssets.Linux.NoDependencies": "4.150.0",
          "YamlDotNet": "18.1.0"
        }
      },
      "Markdig": {
        "type": "Transitive",
        "resolved": "1.3.2",
        "contentHash": "fZgOC/3CswUrndjDTac70aQpYdtxbW5+5bRumR7vzvI2HJbkmgKisB1c9oT+GA6v0jB/JDR9BLa9FiPzQmaK6A=="
      },
      "Microsoft.Extensions.DependencyInjection": {
        "type": "Transitive",
        "resolved": "10.0.10",
        "contentHash": "ANyvsgkNBRvcJh2XLgn8veGmajf+8m0AbKK+HPWdRL1yraSNVVSmQhFntLtdz/C795jxqqup+k05cs/3jZQPOA==",
        "dependencies": {
          "Microsoft.Extensions.DependencyInjection.Abstractions": "10.0.10"
        }
      },
      "Microsoft.Extensions.DependencyInjection.Abstractions": {
        "type": "Transitive",
        "resolved": "10.0.10",
        "contentHash": "z/2xXlFw2aLGjHyEm6E0tQ+In6VfzQzTrtArbQ2c0TQE16ZbyDCMGPvaUT9I0s8rgy9sRWlU2P9waW37qV04qA=="
      },
      "Microsoft.Extensions.FileSystemGlobbing": {
        "type": "Transitive",
        "resolved": "10.0.9",
        "contentHash": "mvRf9qOH/LslWIee/h+lsElnoUyKotEwoPL31soqScmO/eoxObaTCLCdx2DdqPdRi9LnB+7qKZ49jfyrLZuc+w=="
      },
      "Microsoft.OpenApi": {
        "type": "Transitive",
        "resolved": "1.6.29",
        "contentHash": "mLoYWWwRP3C7Iier4dDzepq0kw1Tpdlh+B6KZ1SNcgq/tWI8aC41WYvIsJpsAS4UG1IV4c0AAnZs8qCPobzBkQ=="
      },
      "Microsoft.OpenApi.Readers": {
        "type": "Transitive",
        "resolved": "1.6.29",
        "contentHash": "GYtIRq1iUO6zwnrUa63ELQHHSgMXRAxkXhtSyOKvH8tVPXql0HOjPTgJv7ZzGuzEzCIDZNujKUjrfi+36xxDSg==",
        "dependencies": {
          "Microsoft.OpenApi": "1.6.29",
          "SharpYaml": "2.1.1"
        }
      },
      "Microsoft.VisualStudio.Threading.Analyzers": {
        "type": "Transitive",
        "resolved": "17.14.15",
        "contentHash": "mXQPJsbuUD2ydq4/ffd8h8tSOFCXec+2xJOVNCvXjuMOq/+5EKHq3D2m2MC2+nUaXeFMSt66VS/J4HdKBixgcw=="
      },
      "NUglify": {
        "type": "Transitive",
        "resolved": "1.21.18",
        "contentHash": "M6IoRH/8/1cJU2rS/zmYkr+Gwc9s0VuDcao+3wfRihcZ7hwDtJ3VgMOOa8BIKh4YC2KxOYdHhnrQIVL7elUSrQ=="
      },
      "Scriban": {
        "type": "Transitive",
        "resolved": "7.2.5",
        "contentHash": "6HDyv0P6PVdx/prWM3Aw0QHAT/DCpkBxOovZ2iPIH4L4ZvJ13JNYJgyUI+xJ5K2agXreYTBe23AL5ZQNTqJQvA=="
      },
      "SharpYaml": {
        "type": "Transitive",
        "resolved": "2.1.1",
        "contentHash": "BISoFuW2AwZYXxrZGaBnedo21BvrdgC4kkWd6QYrOdhOGSsZB0RSqcBw09l9caUE1g3sykJoRfSbtSzZS6tYig=="
      },
      "SkiaSharp": {
        "type": "Transitive",
        "resolved": "4.150.0",
        "contentHash": "K8dpv8SJ7xwe+lPnOlHRMRcpfZ/LfR2tIMxIz3jndMR/X1q81UXwFw3Ybj8ZjMimGVl9gUFY6SoyQ3BiIfkuDg==",
        "dependencies": {
          "SkiaSharp.NativeAssets.Win32": "4.150.0",
          "SkiaSharp.NativeAssets.macOS": "4.150.0"
        }
      },
      "SkiaSharp.NativeAssets.Linux.NoDependencies": {
        "type": "Transitive",
        "resolved": "4.150.0",
        "contentHash": "Zhtrj0nsHQeXVUqX36UzGyTTGvxKd7hhv/YTts5+LbzYXitbqhtGfXlWXGcUkVHwWdr0WoiqD20TWvjjsS9geQ=="
      },
      "SkiaSharp.NativeAssets.macOS": {
        "type": "Transitive",
        "resolved": "4.150.0",
        "contentHash": "vy8/EtYhsu+zKM9uOns4RmKMPW+m/CPYaSjq4Hi3m8ZzcePaN45Sz1D7hbTDFKogobFOb1JQAkdikjCmAVaSQQ=="
      },
      "SkiaSharp.NativeAssets.Win32": {
        "type": "Transitive",
        "resolved": "4.150.0",
        "contentHash": "et1ROcTSzDWTlxPFQGBupxIOHb62fItqVrSEdYfh26TUjfsH02PVE3yw1wfcskfRDYPUPu0o0hKPuclmT0hS9Q=="
      },
      "SonarAnalyzer.CSharp": {
        "type": "Transitive",
        "resolved": "10.16.0.128591",
        "contentHash": "W/jZGbsMFvnTY112Ab2WZArzWtkGQuMrQdromFpDak+GO/DKcgn4O2tTun/fQgDBpnQJOyyTdzQrQPzPJ544jg=="
      },
      "YamlDotNet": {
        "type": "Transitive",
        "resolved": "18.1.0",
        "contentHash": "5K+9KFg2TdTl7VXv88Qzi/0lqK6JFoNP3lRuImPYGRV7K/QYklDyTrj4+A+KAki1JsQi6qKY+hDyY7d6WRqjrw=="
      },
      "kiln.studio.services": {
        "type": "Project",
        "dependencies": {
          "Kiln.Abstractions": "[1.2.0-beta.2, )",
          "Kiln.Core": "[1.2.0-beta.2, )",
          "Microsoft.Extensions.DependencyInjection": "[10.0.10, )",
          "YamlDotNet": "[18.1.0, )"
        }
      }
    }
  }
}